{
  "version": 4,
  "terraform_version": "1.7.0",
  "serial": 3,
  "lineage": "146045db-5e5a-0346-3ae5-3e965a8aa524",
  "outputs": {},
  "resources": [
    {
      "mode": "managed",
      "type": "aws_vpc",
      "name": "example",
      "provider": "provider[\"registry.terraform.io/hashicorp/aws\"]",
      "instances": [
        {
          "schema_version": 1,
          "attributes": {
            "arn": "arn:aws:ec2:ap-northeast-2:254715211078:vpc/vpc-0733f9879bcda7cbf",
            "assign_generated_ipv6_cidr_block": false,
            "cidr_block": "10.0.0.0/16",
            "default_network_acl_id": "acl-004526fc952e046a7",
            "default_route_table_id": "rtb-01af77152d20cbd86",
            "default_security_group_id": "sg-08ae8fc105c75fc02",
            "dhcp_options_id": "dopt-0acd7ee66f7756d05",
            "enable_dns_hostnames": false,
            "enable_dns_support": true,
            "enable_network_address_usage_metrics": false,
            "id": "vpc-0733f9879bcda7cbf",
            "instance_tenancy": "default",
            "ipv4_ipam_pool_id": null,
            "ipv4_netmask_length": null,
            "ipv6_association_id": "",
            "ipv6_cidr_block": "",
            "ipv6_cidr_block_network_border_group": "",
            "ipv6_ipam_pool_id": "",
            "ipv6_netmask_length": 0,
            "main_route_table_id": "rtb-01af77152d20cbd86",
            "owner_id": "254715211078",
            "tags": {
              "Name": "goormVPC"
            },
            "tags_all": {
              "Name": "goormVPC"
            }
          },
          "sensitive_attributes": [],
          "private": "eyJzY2hlbWFfdmVyc2lvbiI6IjEifQ=="
        }
      ]
    }
  ],
  "check_results": null
}
